
Microsoft Visual Studio Solution File, Format Version 12.00
# Visual Studio 15
VisualStudioVersion = 15.0.28307.102
MinimumVisualStudioVersion = 10.0.40219.1
Project("{FAE04EC0-301F-11D3-BF4B-00C04F79EFBC}") = "9.1", "9.1\9.1.csproj", "{CA757D74-3306-4558-87BD-697AF9E1A293}"
EndProject
Project("{FAE04EC0-301F-11D3-BF4B-00C04F79EFBC}") = "test9.2", "test9.2\test9.2.csproj", "{0FCABB41-4571-43E6-908E-B57B25119572}"
EndProject
Global
	GlobalSection(SolutionConfigurationPlatforms) = preSolution
		Debug|Any CPU = Debug|Any CPU
		Release|Any CPU = Release|Any CPU
	EndGlobalSection
	GlobalSection(ProjectConfigurationPlatforms) = postSolution
		{CA757D74-3306-4558-87BD-697AF9E1A293}.Debug|Any CPU.ActiveCfg = Debug|Any CPU
		{CA757D74-3306-4558-87BD-697AF9E1A293}.Debug|Any CPU.Build.0 = Debug|Any CPU
		{CA757D74-3306-4558-87BD-697AF9E1A293}.Release|Any CPU.ActiveCfg = Release|Any CPU
		{CA757D74-3306-4558-87BD-697AF9E1A293}.Release|Any CPU.Build.0 = Release|Any CPU
		{0FCABB41-4571-43E6-908E-B57B25119572}.Debug|Any CPU.ActiveCfg = Debug|Any CPU
		{0FCABB41-4571-43E6-908E-B57B25119572}.Debug|Any CPU.Build.0 = Debug|Any CPU
		{0FCABB41-4571-43E6-908E-B57B25119572}.Release|Any CPU.ActiveCfg = Release|Any CPU
		{0FCABB41-4571-43E6-908E-B57B25119572}.Release|Any CPU.Build.0 = Release|Any CPU
	EndGlobalSection
	GlobalSection(SolutionProperties) = preSolution
		HideSolutionNode = FALSE
	EndGlobalSection
	GlobalSection(ExtensibilityGlobals) = postSolution
		SolutionGuid = {03705C4E-F444-4B75-84AD-D70A3A0AD2C0}
	EndGlobalSection
EndGlobal
