
Microsoft Visual Studio Solution File, Format Version 12.00
# Visual Studio 15
VisualStudioVersion = 15.0.28307.102
MinimumVisualStudioVersion = 10.0.40219.1
Project("{FAE04EC0-301F-11D3-BF4B-00C04F79EFBC}") = "ConsoleApp1", "ConsoleApp1\ConsoleApp1.csproj", "{40D4EF9D-C697-4E2F-A2C0-E1D4FACE2D1B}"
EndProject
Project("{FAE04EC0-301F-11D3-BF4B-00C04F79EFBC}") = "9.4.1", "9.4.1\9.4.1.csproj", "{84CEBAB7-C908-49F1-A76E-2EA9291168B3}"
EndProject
Project("{FAE04EC0-301F-11D3-BF4B-00C04F79EFBC}") = "9.4.2", "9.4.2\9.4.2.csproj", "{9E4C7B72-506D-4A01-874A-4B57C747570D}"
EndProject
Project("{FAE04EC0-301F-11D3-BF4B-00C04F79EFBC}") = "9.4.3", "9.4.3\9.4.3.csproj", "{BB6244B5-5195-4E38-938D-425313698E07}"
EndProject
Project("{FAE04EC0-301F-11D3-BF4B-00C04F79EFBC}") = "9.4.4", "9.4.4\9.4.4.csproj", "{D07CAEC8-43A8-4D77-818B-9EF1BEF85F7E}"
EndProject
Project("{FAE04EC0-301F-11D3-BF4B-00C04F79EFBC}") = "test", "test\test.csproj", "{C54AA7FC-D83E-40BF-8CFC-13997A9396DB}"
EndProject
Global
	GlobalSection(SolutionConfigurationPlatforms) = preSolution
		Debug|Any CPU = Debug|Any CPU
		Release|Any CPU = Release|Any CPU
	EndGlobalSection
	GlobalSection(ProjectConfigurationPlatforms) = postSolution
		{40D4EF9D-C697-4E2F-A2C0-E1D4FACE2D1B}.Debug|Any CPU.ActiveCfg = Debug|Any CPU
		{40D4EF9D-C697-4E2F-A2C0-E1D4FACE2D1B}.Debug|Any CPU.Build.0 = Debug|Any CPU
		{40D4EF9D-C697-4E2F-A2C0-E1D4FACE2D1B}.Release|Any CPU.ActiveCfg = Release|Any CPU
		{40D4EF9D-C697-4E2F-A2C0-E1D4FACE2D1B}.Release|Any CPU.Build.0 = Release|Any CPU
		{84CEBAB7-C908-49F1-A76E-2EA9291168B3}.Debug|Any CPU.ActiveCfg = Debug|Any CPU
		{84CEBAB7-C908-49F1-A76E-2EA9291168B3}.Debug|Any CPU.Build.0 = Debug|Any CPU
		{84CEBAB7-C908-49F1-A76E-2EA9291168B3}.Release|Any CPU.ActiveCfg = Release|Any CPU
		{84CEBAB7-C908-49F1-A76E-2EA9291168B3}.Release|Any CPU.Build.0 = Release|Any CPU
		{9E4C7B72-506D-4A01-874A-4B57C747570D}.Debug|Any CPU.ActiveCfg = Debug|Any CPU
		{9E4C7B72-506D-4A01-874A-4B57C747570D}.Debug|Any CPU.Build.0 = Debug|Any CPU
		{9E4C7B72-506D-4A01-874A-4B57C747570D}.Release|Any CPU.ActiveCfg = Release|Any CPU
		{9E4C7B72-506D-4A01-874A-4B57C747570D}.Release|Any CPU.Build.0 = Release|Any CPU
		{BB6244B5-5195-4E38-938D-425313698E07}.Debug|Any CPU.ActiveCfg = Debug|Any CPU
		{BB6244B5-5195-4E38-938D-425313698E07}.Debug|Any CPU.Build.0 = Debug|Any CPU
		{BB6244B5-5195-4E38-938D-425313698E07}.Release|Any CPU.ActiveCfg = Release|Any CPU
		{BB6244B5-5195-4E38-938D-425313698E07}.Release|Any CPU.Build.0 = Release|Any CPU
		{D07CAEC8-43A8-4D77-818B-9EF1BEF85F7E}.Debug|Any CPU.ActiveCfg = Debug|Any CPU
		{D07CAEC8-43A8-4D77-818B-9EF1BEF85F7E}.Debug|Any CPU.Build.0 = Debug|Any CPU
		{D07CAEC8-43A8-4D77-818B-9EF1BEF85F7E}.Release|Any CPU.ActiveCfg = Release|Any CPU
		{D07CAEC8-43A8-4D77-818B-9EF1BEF85F7E}.Release|Any CPU.Build.0 = Release|Any CPU
		{C54AA7FC-D83E-40BF-8CFC-13997A9396DB}.Debug|Any CPU.ActiveCfg = Debug|Any CPU
		{C54AA7FC-D83E-40BF-8CFC-13997A9396DB}.Debug|Any CPU.Build.0 = Debug|Any CPU
		{C54AA7FC-D83E-40BF-8CFC-13997A9396DB}.Release|Any CPU.ActiveCfg = Release|Any CPU
		{C54AA7FC-D83E-40BF-8CFC-13997A9396DB}.Release|Any CPU.Build.0 = Release|Any CPU
	EndGlobalSection
	GlobalSection(SolutionProperties) = preSolution
		HideSolutionNode = FALSE
	EndGlobalSection
	GlobalSection(ExtensibilityGlobals) = postSolution
		SolutionGuid = {D6782A71-4E14-4903-933F-95D1EFD852C3}
	EndGlobalSection
EndGlobal
